
Microsoft Visual Studio Solution File, Format Version 12.00
# Visual Studio 15
VisualStudioVersion = 15.0.28307.779
MinimumVisualStudioVersion = 10.0.40219.1
Project("{9A19103F-16F7-4668-BE54-9A1E7A4F7556}") = "MitsubishiElectric.WidgetsRenderer", "MitsubishiElectric.WidgetsRenderer\MitsubishiElectric.WidgetsRenderer.csproj", "{1BFD4405-1D43-4A71-A46A-39AA421BB105}"
EndProject
Project("{FAE04EC0-301F-11D3-BF4B-00C04F79EFBC}") = "MitsubishiElectric.WidgetsRenderer.Core", "MitsubishiElectric.WidgetsRenderer.Core\MitsubishiElectric.WidgetsRenderer.Core.csproj", "{603C4B06-38CC-4C4F-BB17-686EAEAE75B4}"
EndProject
Project("{FAE04EC0-301F-11D3-BF4B-00C04F79EFBC}") = "MitsubishiElectric.WidgetsRenderer.Tests", "MitsubishiElectric.WidgetsRenderer.Tests\MitsubishiElectric.WidgetsRenderer.Tests.csproj", "{21524BB5-7B7E-47FD-9B3F-5293613B7187}"
EndProject
Global
	GlobalSection(SolutionConfigurationPlatforms) = preSolution
		Debug|Any CPU = Debug|Any CPU
		Release|Any CPU = Release|Any CPU
	EndGlobalSection
	GlobalSection(ProjectConfigurationPlatforms) = postSolution
		{1BFD4405-1D43-4A71-A46A-39AA421BB105}.Debug|Any CPU.ActiveCfg = Debug|Any CPU
		{1BFD4405-1D43-4A71-A46A-39AA421BB105}.Debug|Any CPU.Build.0 = Debug|Any CPU
		{1BFD4405-1D43-4A71-A46A-39AA421BB105}.Release|Any CPU.ActiveCfg = Release|Any CPU
		{1BFD4405-1D43-4A71-A46A-39AA421BB105}.Release|Any CPU.Build.0 = Release|Any CPU
		{603C4B06-38CC-4C4F-BB17-686EAEAE75B4}.Debug|Any CPU.ActiveCfg = Debug|Any CPU
		{603C4B06-38CC-4C4F-BB17-686EAEAE75B4}.Debug|Any CPU.Build.0 = Debug|Any CPU
		{603C4B06-38CC-4C4F-BB17-686EAEAE75B4}.Release|Any CPU.ActiveCfg = Release|Any CPU
		{603C4B06-38CC-4C4F-BB17-686EAEAE75B4}.Release|Any CPU.Build.0 = Release|Any CPU
		{21524BB5-7B7E-47FD-9B3F-5293613B7187}.Debug|Any CPU.ActiveCfg = Debug|Any CPU
		{21524BB5-7B7E-47FD-9B3F-5293613B7187}.Debug|Any CPU.Build.0 = Debug|Any CPU
		{21524BB5-7B7E-47FD-9B3F-5293613B7187}.Release|Any CPU.ActiveCfg = Release|Any CPU
		{21524BB5-7B7E-47FD-9B3F-5293613B7187}.Release|Any CPU.Build.0 = Release|Any CPU
	EndGlobalSection
	GlobalSection(SolutionProperties) = preSolution
		HideSolutionNode = FALSE
	EndGlobalSection
	GlobalSection(ExtensibilityGlobals) = postSolution
		SolutionGuid = {0FC6293B-B71F-4669-AEBD-18473D97D43A}
	EndGlobalSection
EndGlobal
